
Microsoft Visual Studio Solution File, Format Version 12.00
# Visual Studio Version 17
VisualStudioVersion = 17.2.32526.322
MinimumVisualStudioVersion = 10.0.40219.1
Project("{FAE04EC0-301F-11D3-BF4B-00C04F79EFBC}") = "DotNetBenchmark", "DotNetBenchmark\DotNetBenchmark.csproj", "{0D919F42-4716-47E5-9A95-A60B2920C17A}"
EndProject
Global
	GlobalSection(SolutionConfigurationPlatforms) = preSolution
		Debug|Any CPU = Debug|Any CPU
		Release|Any CPU = Release|Any CPU
	EndGlobalSection
	GlobalSection(ProjectConfigurationPlatforms) = postSolution
		{0D919F42-4716-47E5-9A95-A60B2920C17A}.Debug|Any CPU.ActiveCfg = Debug|Any CPU
		{0D919F42-4716-47E5-9A95-A60B2920C17A}.Debug|Any CPU.Build.0 = Debug|Any CPU
		{0D919F42-4716-47E5-9A95-A60B2920C17A}.Release|Any CPU.ActiveCfg = Release|Any CPU
		{0D919F42-4716-47E5-9A95-A60B2920C17A}.Release|Any CPU.Build.0 = Release|Any CPU
	EndGlobalSection
	GlobalSection(SolutionProperties) = preSolution
		HideSolutionNode = FALSE
	EndGlobalSection
	GlobalSection(ExtensibilityGlobals) = postSolution
		SolutionGuid = {B3913D07-E4BB-45C0-A8BE-A9FFB323E9D8}
	EndGlobalSection
EndGlobal
